// !$*UTF8*$!
{
	archiveVersion = 1;
	classes = {
	};
	objectVersion = 51;
	objects = {

/* Begin PBXBuildFile section */
		636FCF62FF810BD096CA26F7 /* Pods_SwiftUI_TemplateUITests.framework in Frameworks */ = {isa = PBXBuildFile; fileRef = 4A260C2A470DB86A712EA801 /* Pods_SwiftUI_TemplateUITests.framework */; };
		675D2D9606131F52203CF551 /* Pods_SwiftUI_TemplateTests.framework in Frameworks */ = {isa = PBXBuildFile; fileRef = CF70D1D1352997289232B5C1 /* Pods_SwiftUI_TemplateTests.framework */; };
		7D2C42C4256B1B8F0030F71F /* Color.xcassets in Resources */ = {isa = PBXBuildFile; fileRef = 7D2C42C3256B1B8F0030F71F /* Color.xcassets */; };
		7D2C4307256B1F4F0030F71F /* PreLaunchView.swift in Sources */ = {isa = PBXBuildFile; fileRef = 7D2C4306256B1F4F0030F71F /* PreLaunchView.swift */; };
		7D2C4310256BC1750030F71F /* FBAuthError.swift in Sources */ = {isa = PBXBuildFile; fileRef = 7D2C430F256BC1750030F71F /* FBAuthError.swift */; };
		7D312A97256943360034177B /* FBStorageManager.swift in Sources */ = {isa = PBXBuildFile; fileRef = 7D312A96256943360034177B /* FBStorageManager.swift */; };
		7D312AA3256957F60034177B /* FBStorageError.swift in Sources */ = {isa = PBXBuildFile; fileRef = 7D312AA2256957F60034177B /* FBStorageError.swift */; };
		7D312AA825695E4C0034177B /* ImageSelection.swift in Sources */ = {isa = PBXBuildFile; fileRef = 7D312AA725695E4C0034177B /* ImageSelection.swift */; };
		7D312AAE25696DB80034177B /* FileManager.swift in Sources */ = {isa = PBXBuildFile; fileRef = 7D312AAD25696DB80034177B /* FileManager.swift */; };
		7D312ADF256AB2A20034177B /* AuthView.swift in Sources */ = {isa = PBXBuildFile; fileRef = 7D312ADE256AB2A20034177B /* AuthView.swift */; };
		7D312AFE256B0AF10034177B /* EmailAuth.swift in Sources */ = {isa = PBXBuildFile; fileRef = 7D312AFD256B0AF10034177B /* EmailAuth.swift */; };
		7D36A2CF2560347400E622F4 /* UserDefaults.swift in Sources */ = {isa = PBXBuildFile; fileRef = 7D36A2CE2560347400E622F4 /* UserDefaults.swift */; };
		7D36A2D42560419200E622F4 /* OtherView.swift in Sources */ = {isa = PBXBuildFile; fileRef = 7D36A2D32560419200E622F4 /* OtherView.swift */; };
		7D54533C2571700E004468CD /* ViewLifecycles.swift in Sources */ = {isa = PBXBuildFile; fileRef = 7D54533B2571700E004468CD /* ViewLifecycles.swift */; };
		7D942FA2256014BB00C6A0DD /* AppDelegate.swift in Sources */ = {isa = PBXBuildFile; fileRef = 7D942FA1256014BB00C6A0DD /* AppDelegate.swift */; };
		7D942FA4256014BB00C6A0DD /* SceneDelegate.swift in Sources */ = {isa = PBXBuildFile; fileRef = 7D942FA3256014BB00C6A0DD /* SceneDelegate.swift */; };
		7D942FA6256014BB00C6A0DD /* AppEntry.swift in Sources */ = {isa = PBXBuildFile; fileRef = 7D942FA5256014BB00C6A0DD /* AppEntry.swift */; };
		7D942FA8256014BC00C6A0DD /* Assets.xcassets in Resources */ = {isa = PBXBuildFile; fileRef = 7D942FA7256014BC00C6A0DD /* Assets.xcassets */; };
		7D942FAB256014BC00C6A0DD /* Preview Assets.xcassets in Resources */ = {isa = PBXBuildFile; fileRef = 7D942FAA256014BC00C6A0DD /* Preview Assets.xcassets */; };
		7D942FB9256014BD00C6A0DD /* SwiftUI_TemplateTests.swift in Sources */ = {isa = PBXBuildFile; fileRef = 7D942FB8256014BD00C6A0DD /* SwiftUI_TemplateTests.swift */; };
		7D942FC4256014BD00C6A0DD /* SwiftUI_TemplateUITests.swift in Sources */ = {isa = PBXBuildFile; fileRef = 7D942FC3256014BD00C6A0DD /* SwiftUI_TemplateUITests.swift */; };
		7D942FD52560155600C6A0DD /* SessionObject.swift in Sources */ = {isa = PBXBuildFile; fileRef = 7D942FD42560155600C6A0DD /* SessionObject.swift */; };
		7D942FDD2560172400C6A0DD /* Tabbar.swift in Sources */ = {isa = PBXBuildFile; fileRef = 7D942FDC2560172400C6A0DD /* Tabbar.swift */; };
		7D942FE2256018E300C6A0DD /* HomeView.swift in Sources */ = {isa = PBXBuildFile; fileRef = 7D942FE1256018E300C6A0DD /* HomeView.swift */; };
		7DCD49E125650A2C00AC64DE /* FBFirestoreManager.swift in Sources */ = {isa = PBXBuildFile; fileRef = 7DCD49E025650A2C00AC64DE /* FBFirestoreManager.swift */; };
		7DCD49E625650DD300AC64DE /* FBFirestoreError.swift in Sources */ = {isa = PBXBuildFile; fileRef = 7DCD49E525650DD300AC64DE /* FBFirestoreError.swift */; };
		7DCD4A042565382E00AC64DE /* FBDemoModel.swift in Sources */ = {isa = PBXBuildFile; fileRef = 7DCD4A032565382E00AC64DE /* FBDemoModel.swift */; };
		7DCD4A5C2567AB3700AC64DE /* GoogleService-Info.plist in Resources */ = {isa = PBXBuildFile; fileRef = 7DCD4A5B2567AB3700AC64DE /* GoogleService-Info.plist */; };
		7DF17AB5256159C80090CDE8 /* fakeView1.swift in Sources */ = {isa = PBXBuildFile; fileRef = 7DF17AB4256159C80090CDE8 /* fakeView1.swift */; };
		7DF17ADD256196510090CDE8 /* FakeModal.swift in Sources */ = {isa = PBXBuildFile; fileRef = 7DF17ADC256196510090CDE8 /* FakeModal.swift */; };
		7DF17AE2256198120090CDE8 /* MultiView.swift in Sources */ = {isa = PBXBuildFile; fileRef = 7DF17AE1256198120090CDE8 /* MultiView.swift */; };
		FF4ABB50DF6E14CCCC0006EF /* Pods_SwiftUI_Template.framework in Frameworks */ = {isa = PBXBuildFile; fileRef = 761C5632A215E38FAA659DE1 /* Pods_SwiftUI_Template.framework */; };
/* End PBXBuildFile section */

/* Begin PBXContainerItemProxy section */
		7D942FB5256014BD00C6A0DD /* PBXContainerItemProxy */ = {
			isa = PBXContainerItemProxy;
			containerPortal = 7D942F96256014BB00C6A0DD /* Project object */;
			proxyType = 1;
			remoteGlobalIDString = 7D942F9D256014BB00C6A0DD;
			remoteInfo = SwiftUI_Template;
		};
		7D942FC0256014BD00C6A0DD /* PBXContainerItemProxy */ = {
			isa = PBXContainerItemProxy;
			containerPortal = 7D942F96256014BB00C6A0DD /* Project object */;
			proxyType = 1;
			remoteGlobalIDString = 7D942F9D256014BB00C6A0DD;
			remoteInfo = SwiftUI_Template;
		};
/* End PBXContainerItemProxy section */

/* Begin PBXFileReference section */
		0121CA24B942F763D40A486C /* Pods-SwiftUI_TemplateUITests.release.xcconfig */ = {isa = PBXFileReference; includeInIndex = 1; lastKnownFileType = text.xcconfig; name = "Pods-SwiftUI_TemplateUITests.release.xcconfig"; path = "Target Support Files/Pods-SwiftUI_TemplateUITests/Pods-SwiftUI_TemplateUITests.release.xcconfig"; sourceTree = "<group>"; };
		12F7DC395E5598ACC040C64B /* Pods-SwiftUI_Template.debug.xcconfig */ = {isa = PBXFileReference; includeInIndex = 1; lastKnownFileType = text.xcconfig; name = "Pods-SwiftUI_Template.debug.xcconfig"; path = "Target Support Files/Pods-SwiftUI_Template/Pods-SwiftUI_Template.debug.xcconfig"; sourceTree = "<group>"; };
		4A260C2A470DB86A712EA801 /* Pods_SwiftUI_TemplateUITests.framework */ = {isa = PBXFileReference; explicitFileType = wrapper.framework; includeInIndex = 0; path = Pods_SwiftUI_TemplateUITests.framework; sourceTree = BUILT_PRODUCTS_DIR; };
		52D2D6BC76AE52AEAAA1F1DF /* Pods-SwiftUI_TemplateTests.debug.xcconfig */ = {isa = PBXFileReference; includeInIndex = 1; lastKnownFileType = text.xcconfig; name = "Pods-SwiftUI_TemplateTests.debug.xcconfig"; path = "Target Support Files/Pods-SwiftUI_TemplateTests/Pods-SwiftUI_TemplateTests.debug.xcconfig"; sourceTree = "<group>"; };
		5E6BF36DFFFE34ABA421CD33 /* Pods-SwiftUI_TemplateTests.release.xcconfig */ = {isa = PBXFileReference; includeInIndex = 1; lastKnownFileType = text.xcconfig; name = "Pods-SwiftUI_TemplateTests.release.xcconfig"; path = "Target Support Files/Pods-SwiftUI_TemplateTests/Pods-SwiftUI_TemplateTests.release.xcconfig"; sourceTree = "<group>"; };
		6A4DDE63E9A11BB386CE4DF1 /* Pods-SwiftUI_Template.release.xcconfig */ = {isa = PBXFileReference; includeInIndex = 1; lastKnownFileType = text.xcconfig; name = "Pods-SwiftUI_Template.release.xcconfig"; path = "Target Support Files/Pods-SwiftUI_Template/Pods-SwiftUI_Template.release.xcconfig"; sourceTree = "<group>"; };
		761C5632A215E38FAA659DE1 /* Pods_SwiftUI_Template.framework */ = {isa = PBXFileReference; explicitFileType = wrapper.framework; includeInIndex = 0; path = Pods_SwiftUI_Template.framework; sourceTree = BUILT_PRODUCTS_DIR; };
		7D2C42C3256B1B8F0030F71F /* Color.xcassets */ = {isa = PBXFileReference; lastKnownFileType = folder.assetcatalog; path = Color.xcassets; sourceTree = "<group>"; };
		7D2C4306256B1F4F0030F71F /* PreLaunchView.swift */ = {isa = PBXFileReference; lastKnownFileType = sourcecode.swift; path = PreLaunchView.swift; sourceTree = "<group>"; };
		7D2C430F256BC1750030F71F /* FBAuthError.swift */ = {isa = PBXFileReference; lastKnownFileType = sourcecode.swift; path = FBAuthError.swift; sourceTree = "<group>"; };
		7D312A96256943360034177B /* FBStorageManager.swift */ = {isa = PBXFileReference; lastKnownFileType = sourcecode.swift; path = FBStorageManager.swift; sourceTree = "<group>"; };
		7D312AA2256957F60034177B /* FBStorageError.swift */ = {isa = PBXFileReference; lastKnownFileType = sourcecode.swift; path = FBStorageError.swift; sourceTree = "<group>"; };
		7D312AA725695E4C0034177B /* ImageSelection.swift */ = {isa = PBXFileReference; lastKnownFileType = sourcecode.swift; path = ImageSelection.swift; sourceTree = "<group>"; };
		7D312AAD25696DB80034177B /* FileManager.swift */ = {isa = PBXFileReference; lastKnownFileType = sourcecode.swift; path = FileManager.swift; sourceTree = "<group>"; };
		7D312ADE256AB2A20034177B /* AuthView.swift */ = {isa = PBXFileReference; lastKnownFileType = sourcecode.swift; path = AuthView.swift; sourceTree = "<group>"; };
		7D312AFD256B0AF10034177B /* EmailAuth.swift */ = {isa = PBXFileReference; lastKnownFileType = sourcecode.swift; path = EmailAuth.swift; sourceTree = "<group>"; };
		7D36A2CE2560347400E622F4 /* UserDefaults.swift */ = {isa = PBXFileReference; fileEncoding = 4; lastKnownFileType = sourcecode.swift; path = UserDefaults.swift; sourceTree = "<group>"; };
		7D36A2D32560419200E622F4 /* OtherView.swift */ = {isa = PBXFileReference; lastKnownFileType = sourcecode.swift; path = OtherView.swift; sourceTree = "<group>"; };
		7D54533B2571700E004468CD /* ViewLifecycles.swift */ = {isa = PBXFileReference; lastKnownFileType = sourcecode.swift; path = ViewLifecycles.swift; sourceTree = "<group>"; };
		7D942F9E256014BB00C6A0DD /* SwiftUI_Template.app */ = {isa = PBXFileReference; explicitFileType = wrapper.application; includeInIndex = 0; path = SwiftUI_Template.app; sourceTree = BUILT_PRODUCTS_DIR; };
		7D942FA1256014BB00C6A0DD /* AppDelegate.swift */ = {isa = PBXFileReference; lastKnownFileType = sourcecode.swift; path = AppDelegate.swift; sourceTree = "<group>"; };
		7D942FA3256014BB00C6A0DD /* SceneDelegate.swift */ = {isa = PBXFileReference; lastKnownFileType = sourcecode.swift; path = SceneDelegate.swift; sourceTree = "<group>"; };
		7D942FA5256014BB00C6A0DD /* AppEntry.swift */ = {isa = PBXFileReference; lastKnownFileType = sourcecode.swift; path = AppEntry.swift; sourceTree = "<group>"; };
		7D942FA7256014BC00C6A0DD /* Assets.xcassets */ = {isa = PBXFileReference; lastKnownFileType = folder.assetcatalog; path = Assets.xcassets; sourceTree = "<group>"; };
		7D942FAA256014BC00C6A0DD /* Preview Assets.xcassets */ = {isa = PBXFileReference; lastKnownFileType = folder.assetcatalog; path = "Preview Assets.xcassets"; sourceTree = "<group>"; };
		7D942FAF256014BC00C6A0DD /* Info.plist */ = {isa = PBXFileReference; lastKnownFileType = text.plist.xml; path = Info.plist; sourceTree = "<group>"; };
		7D942FB4256014BD00C6A0DD /* SwiftUI_TemplateTests.xctest */ = {isa = PBXFileReference; explicitFileType = wrapper.cfbundle; includeInIndex = 0; path = SwiftUI_TemplateTests.xctest; sourceTree = BUILT_PRODUCTS_DIR; };
		7D942FB8256014BD00C6A0DD /* SwiftUI_TemplateTests.swift */ = {isa = PBXFileReference; lastKnownFileType = sourcecode.swift; path = SwiftUI_TemplateTests.swift; sourceTree = "<group>"; };
		7D942FBA256014BD00C6A0DD /* Info.plist */ = {isa = PBXFileReference; lastKnownFileType = text.plist.xml; path = Info.plist; sourceTree = "<group>"; };
		7D942FBF256014BD00C6A0DD /* SwiftUI_TemplateUITests.xctest */ = {isa = PBXFileReference; explicitFileType = wrapper.cfbundle; includeInIndex = 0; path = SwiftUI_TemplateUITests.xctest; sourceTree = BUILT_PRODUCTS_DIR; };
		7D942FC3256014BD00C6A0DD /* SwiftUI_TemplateUITests.swift */ = {isa = PBXFileReference; lastKnownFileType = sourcecode.swift; path = SwiftUI_TemplateUITests.swift; sourceTree = "<group>"; };
		7D942FC5256014BD00C6A0DD /* Info.plist */ = {isa = PBXFileReference; lastKnownFileType = text.plist.xml; path = Info.plist; sourceTree = "<group>"; };
		7D942FD42560155600C6A0DD /* SessionObject.swift */ = {isa = PBXFileReference; lastKnownFileType = sourcecode.swift; path = SessionObject.swift; sourceTree = "<group>"; };
		7D942FDC2560172400C6A0DD /* Tabbar.swift */ = {isa = PBXFileReference; lastKnownFileType = sourcecode.swift; path = Tabbar.swift; sourceTree = "<group>"; };
		7D942FE1256018E300C6A0DD /* HomeView.swift */ = {isa = PBXFileReference; lastKnownFileType = sourcecode.swift; path = HomeView.swift; sourceTree = "<group>"; };
		7DCD49E025650A2C00AC64DE /* FBFirestoreManager.swift */ = {isa = PBXFileReference; lastKnownFileType = sourcecode.swift; path = FBFirestoreManager.swift; sourceTree = "<group>"; };
		7DCD49E525650DD300AC64DE /* FBFirestoreError.swift */ = {isa = PBXFileReference; lastKnownFileType = sourcecode.swift; path = FBFirestoreError.swift; sourceTree = "<group>"; };
		7DCD4A032565382E00AC64DE /* FBDemoModel.swift */ = {isa = PBXFileReference; lastKnownFileType = sourcecode.swift; path = FBDemoModel.swift; sourceTree = "<group>"; };
		7DCD4A5B2567AB3700AC64DE /* GoogleService-Info.plist */ = {isa = PBXFileReference; fileEncoding = 4; lastKnownFileType = text.plist.xml; path = "GoogleService-Info.plist"; sourceTree = "<group>"; };
		7DF17AB4256159C80090CDE8 /* fakeView1.swift */ = {isa = PBXFileReference; lastKnownFileType = sourcecode.swift; path = fakeView1.swift; sourceTree = "<group>"; };
		7DF17ADC256196510090CDE8 /* FakeModal.swift */ = {isa = PBXFileReference; lastKnownFileType = sourcecode.swift; path = FakeModal.swift; sourceTree = "<group>"; };
		7DF17AE1256198120090CDE8 /* MultiView.swift */ = {isa = PBXFileReference; lastKnownFileType = sourcecode.swift; path = MultiView.swift; sourceTree = "<group>"; };
		CF70D1D1352997289232B5C1 /* Pods_SwiftUI_TemplateTests.framework */ = {isa = PBXFileReference; explicitFileType = wrapper.framework; includeInIndex = 0; path = Pods_SwiftUI_TemplateTests.framework; sourceTree = BUILT_PRODUCTS_DIR; };
		E93CE76B64F25BE0E1063A1D /* Pods-SwiftUI_TemplateUITests.debug.xcconfig */ = {isa = PBXFileReference; includeInIndex = 1; lastKnownFileType = text.xcconfig; name = "Pods-SwiftUI_TemplateUITests.debug.xcconfig"; path = "Target Support Files/Pods-SwiftUI_TemplateUITests/Pods-SwiftUI_TemplateUITests.debug.xcconfig"; sourceTree = "<group>"; };
/* End PBXFileReference section */

/* Begin PBXFrameworksBuildPhase section */
		7D942F9B256014BB00C6A0DD /* Frameworks */ = {
			isa = PBXFrameworksBuildPhase;
			buildActionMask = 2147483647;
			files = (
				FF4ABB50DF6E14CCCC0006EF /* Pods_SwiftUI_Template.framework in Frameworks */,
			);
			runOnlyForDeploymentPostprocessing = 0;
		};
		7D942FB1256014BD00C6A0DD /* Frameworks */ = {
			isa = PBXFrameworksBuildPhase;
			buildActionMask = 2147483647;
			files = (
				675D2D9606131F52203CF551 /* Pods_SwiftUI_TemplateTests.framework in Frameworks */,
			);
			runOnlyForDeploymentPostprocessing = 0;
		};
		7D942FBC256014BD00C6A0DD /* Frameworks */ = {
			isa = PBXFrameworksBuildPhase;
			buildActionMask = 2147483647;
			files = (
				636FCF62FF810BD096CA26F7 /* Pods_SwiftUI_TemplateUITests.framework in Frameworks */,
			);
			runOnlyForDeploymentPostprocessing = 0;
		};
/* End PBXFrameworksBuildPhase section */

/* Begin PBXGroup section */
		61F4B382E417FAFDE2472CB6 /* Pods */ = {
			isa = PBXGroup;
			children = (
				12F7DC395E5598ACC040C64B /* Pods-SwiftUI_Template.debug.xcconfig */,
				6A4DDE63E9A11BB386CE4DF1 /* Pods-SwiftUI_Template.release.xcconfig */,
				52D2D6BC76AE52AEAAA1F1DF /* Pods-SwiftUI_TemplateTests.debug.xcconfig */,
				5E6BF36DFFFE34ABA421CD33 /* Pods-SwiftUI_TemplateTests.release.xcconfig */,
				E93CE76B64F25BE0E1063A1D /* Pods-SwiftUI_TemplateUITests.debug.xcconfig */,
				0121CA24B942F763D40A486C /* Pods-SwiftUI_TemplateUITests.release.xcconfig */,
			);
			path = Pods;
			sourceTree = "<group>";
		};
		7D2C430E256BC1640030F71F /* Utilities */ = {
			isa = PBXGroup;
			children = (
				7D2C430F256BC1750030F71F /* FBAuthError.swift */,
			);
			path = Utilities;
			sourceTree = "<group>";
		};
		7D312A95256943230034177B /* Storage */ = {
			isa = PBXGroup;
			children = (
				7D312AA1256957E00034177B /* Utilities */,
				7D312A96256943360034177B /* FBStorageManager.swift */,
			);
			path = Storage;
			sourceTree = "<group>";
		};
		7D312AA1256957E00034177B /* Utilities */ = {
			isa = PBXGroup;
			children = (
				7D312AA2256957F60034177B /* FBStorageError.swift */,
			);
			path = Utilities;
			sourceTree = "<group>";
		};
		7D312AAC25696D9B0034177B /* Utilities */ = {
			isa = PBXGroup;
			children = (
				7D312AAD25696DB80034177B /* FileManager.swift */,
				7D54533B2571700E004468CD /* ViewLifecycles.swift */,
			);
			path = Utilities;
			sourceTree = "<group>";
		};
		7D312AF4256B0A860034177B /* SessionManager */ = {
			isa = PBXGroup;
			children = (
				7D2C430E256BC1640030F71F /* Utilities */,
				7D942FD42560155600C6A0DD /* SessionObject.swift */,
				7D312AFD256B0AF10034177B /* EmailAuth.swift */,
			);
			path = SessionManager;
			sourceTree = "<group>";
		};
		7D942F95256014BB00C6A0DD = {
			isa = PBXGroup;
			children = (
				7D942FA0256014BB00C6A0DD /* SwiftUI_Template */,
				7D942FB7256014BD00C6A0DD /* SwiftUI_TemplateTests */,
				7D942FC2256014BD00C6A0DD /* SwiftUI_TemplateUITests */,
				7D942F9F256014BB00C6A0DD /* Products */,
				61F4B382E417FAFDE2472CB6 /* Pods */,
				E5A004F55D5FC73C6B1EE7A6 /* Frameworks */,
			);
			sourceTree = "<group>";
		};
		7D942F9F256014BB00C6A0DD /* Products */ = {
			isa = PBXGroup;
			children = (
				7D942F9E256014BB00C6A0DD /* SwiftUI_Template.app */,
				7D942FB4256014BD00C6A0DD /* SwiftUI_TemplateTests.xctest */,
				7D942FBF256014BD00C6A0DD /* SwiftUI_TemplateUITests.xctest */,
			);
			name = Products;
			sourceTree = "<group>";
		};
		7D942FA0256014BB00C6A0DD /* SwiftUI_Template */ = {
			isa = PBXGroup;
			children = (
				7DCD4A5B2567AB3700AC64DE /* GoogleService-Info.plist */,
				7DCD4A0825657F5200AC64DE /* FirebaseServices */,
				7DCD4A602567FBFE00AC64DE /* Models */,
				7D312AAC25696D9B0034177B /* Utilities */,
				7D312AF4256B0A860034177B /* SessionManager */,
				7D942FA1256014BB00C6A0DD /* AppDelegate.swift */,
				7D942FA3256014BB00C6A0DD /* SceneDelegate.swift */,
				7D942FA5256014BB00C6A0DD /* AppEntry.swift */,
				7D2C4306256B1F4F0030F71F /* PreLaunchView.swift */,
				7D312ADE256AB2A20034177B /* AuthView.swift */,
				7D942FDC2560172400C6A0DD /* Tabbar.swift */,
				7D312AA725695E4C0034177B /* ImageSelection.swift */,
				7D942FE1256018E300C6A0DD /* HomeView.swift */,
				7DF17AE1256198120090CDE8 /* MultiView.swift */,
				7DF17AB4256159C80090CDE8 /* fakeView1.swift */,
				7DF17ADC256196510090CDE8 /* FakeModal.swift */,
				7D36A2D32560419200E622F4 /* OtherView.swift */,
				7D36A2CE2560347400E622F4 /* UserDefaults.swift */,
				7D942FA7256014BC00C6A0DD /* Assets.xcassets */,
				7D2C42C3256B1B8F0030F71F /* Color.xcassets */,
				7D942FAF256014BC00C6A0DD /* Info.plist */,
				7D942FA9256014BC00C6A0DD /* Preview Content */,
			);
			path = SwiftUI_Template;
			sourceTree = "<group>";
		};
		7D942FA9256014BC00C6A0DD /* Preview Content */ = {
			isa = PBXGroup;
			children = (
				7D942FAA256014BC00C6A0DD /* Preview Assets.xcassets */,
			);
			path = "Preview Content";
			sourceTree = "<group>";
		};
		7D942FB7256014BD00C6A0DD /* SwiftUI_TemplateTests */ = {
			isa = PBXGroup;
			children = (
				7D942FB8256014BD00C6A0DD /* SwiftUI_TemplateTests.swift */,
				7D942FBA256014BD00C6A0DD /* Info.plist */,
			);
			path = SwiftUI_TemplateTests;
			sourceTree = "<group>";
		};
		7D942FC2256014BD00C6A0DD /* SwiftUI_TemplateUITests */ = {
			isa = PBXGroup;
			children = (
				7D942FC3256014BD00C6A0DD /* SwiftUI_TemplateUITests.swift */,
				7D942FC5256014BD00C6A0DD /* Info.plist */,
			);
			path = SwiftUI_TemplateUITests;
			sourceTree = "<group>";
		};
		7DCD4A0825657F5200AC64DE /* FirebaseServices */ = {
			isa = PBXGroup;
			children = (
				7D312A95256943230034177B /* Storage */,
				7DCD4A0925657F6500AC64DE /* Firestore */,
			);
			path = FirebaseServices;
			sourceTree = "<group>";
		};
		7DCD4A0925657F6500AC64DE /* Firestore */ = {
			isa = PBXGroup;
			children = (
				7DCD4A0A25657F6F00AC64DE /* Utilities */,
				7DCD49E025650A2C00AC64DE /* FBFirestoreManager.swift */,
			);
			path = Firestore;
			sourceTree = "<group>";
		};
		7DCD4A0A25657F6F00AC64DE /* Utilities */ = {
			isa = PBXGroup;
			children = (
				7DCD49E525650DD300AC64DE /* FBFirestoreError.swift */,
			);
			path = Utilities;
			sourceTree = "<group>";
		};
		7DCD4A602567FBFE00AC64DE /* Models */ = {
			isa = PBXGroup;
			children = (
				7DCD4A032565382E00AC64DE /* FBDemoModel.swift */,
			);
			path = Models;
			sourceTree = "<group>";
		};
		E5A004F55D5FC73C6B1EE7A6 /* Frameworks */ = {
			isa = PBXGroup;
			children = (
				761C5632A215E38FAA659DE1 /* Pods_SwiftUI_Template.framework */,
				CF70D1D1352997289232B5C1 /* Pods_SwiftUI_TemplateTests.framework */,
				4A260C2A470DB86A712EA801 /* Pods_SwiftUI_TemplateUITests.framework */,
			);
			name = Frameworks;
			sourceTree = "<group>";
		};
/* End PBXGroup section */

/* Begin PBXNativeTarget section */
		7D942F9D256014BB00C6A0DD /* SwiftUI_Template */ = {
			isa = PBXNativeTarget;
			buildConfigurationList = 7D942FC8256014BD00C6A0DD /* Build configuration list for PBXNativeTarget "SwiftUI_Template" */;
			buildPhases = (
				F704865A6A956DE2B0FA949B /* [CP] Check Pods Manifest.lock */,
				7D942F9A256014BB00C6A0DD /* Sources */,
				7D942F9B256014BB00C6A0DD /* Frameworks */,
				7D942F9C256014BB00C6A0DD /* Resources */,
				C01B16C2D355AE067F9EE534 /* [CP] Embed Pods Frameworks */,
				DE75AF71197FE7D8CA13F0B1 /* [CP] Copy Pods Resources */,
			);
			buildRules = (
			);
			dependencies = (
			);
			name = SwiftUI_Template;
			productName = SwiftUI_Template;
			productReference = 7D942F9E256014BB00C6A0DD /* SwiftUI_Template.app */;
			productType = "com.apple.product-type.application";
		};
		7D942FB3256014BD00C6A0DD /* SwiftUI_TemplateTests */ = {
			isa = PBXNativeTarget;
			buildConfigurationList = 7D942FCB256014BD00C6A0DD /* Build configuration list for PBXNativeTarget "SwiftUI_TemplateTests" */;
			buildPhases = (
				51127EEBFD071B0C415CDFBB /* [CP] Check Pods Manifest.lock */,
				7D942FB0256014BD00C6A0DD /* Sources */,
				7D942FB1256014BD00C6A0DD /* Frameworks */,
				7D942FB2256014BD00C6A0DD /* Resources */,
			);
			buildRules = (
			);
			dependencies = (
				7D942FB6256014BD00C6A0DD /* PBXTargetDependency */,
			);
			name = SwiftUI_TemplateTests;
			productName = SwiftUI_TemplateTests;
			productReference = 7D942FB4256014BD00C6A0DD /* SwiftUI_TemplateTests.xctest */;
			productType = "com.apple.product-type.bundle.unit-test";
		};
		7D942FBE256014BD00C6A0DD /* SwiftUI_TemplateUITests */ = {
			isa = PBXNativeTarget;
			buildConfigurationList = 7D942FCE256014BD00C6A0DD /* Build configuration list for PBXNativeTarget "SwiftUI_TemplateUITests" */;
			buildPhases = (
				1807F281FC5B418AE2869D5F /* [CP] Check Pods Manifest.lock */,
				7D942FBB256014BD00C6A0DD /* Sources */,
				7D942FBC256014BD00C6A0DD /* Frameworks */,
				7D942FBD256014BD00C6A0DD /* Resources */,
			);
			buildRules = (
			);
			dependencies = (
				7D942FC1256014BD00C6A0DD /* PBXTargetDependency */,
			);
			name = SwiftUI_TemplateUITests;
			productName = SwiftUI_TemplateUITests;
			productReference = 7D942FBF256014BD00C6A0DD /* SwiftUI_TemplateUITests.xctest */;
			productType = "com.apple.product-type.bundle.ui-testing";
		};
/* End PBXNativeTarget section */

/* Begin PBXProject section */
		7D942F96256014BB00C6A0DD /* Project object */ = {
			isa = PBXProject;
			attributes = {
				LastSwiftUpdateCheck = 1210;
				LastUpgradeCheck = 1210;
				TargetAttributes = {
					7D942F9D256014BB00C6A0DD = {
						CreatedOnToolsVersion = 12.1;
					};
					7D942FB3256014BD00C6A0DD = {
						CreatedOnToolsVersion = 12.1;
						TestTargetID = 7D942F9D256014BB00C6A0DD;
					};
					7D942FBE256014BD00C6A0DD = {
						CreatedOnToolsVersion = 12.1;
						TestTargetID = 7D942F9D256014BB00C6A0DD;
					};
				};
			};
			buildConfigurationList = 7D942F99256014BB00C6A0DD /* Build configuration list for PBXProject "SwiftUI_Template" */;
			compatibilityVersion = "Xcode 9.3";
			developmentRegion = en;
			hasScannedForEncodings = 0;
			knownRegions = (
				en,
				Base,
			);
			mainGroup = 7D942F95256014BB00C6A0DD;
			productRefGroup = 7D942F9F256014BB00C6A0DD /* Products */;
			projectDirPath = "";
			projectRoot = "";
			targets = (
				7D942F9D256014BB00C6A0DD /* SwiftUI_Template */,
				7D942FB3256014BD00C6A0DD /* SwiftUI_TemplateTests */,
				7D942FBE256014BD00C6A0DD /* SwiftUI_TemplateUITests */,
			);
		};
/* End PBXProject section */

/* Begin PBXResourcesBuildPhase section */
		7D942F9C256014BB00C6A0DD /* Resources */ = {
			isa = PBXResourcesBuildPhase;
			buildActionMask = 2147483647;
			files = (
				7DCD4A5C2567AB3700AC64DE /* GoogleService-Info.plist in Resources */,
				7D2C42C4256B1B8F0030F71F /* Color.xcassets in Resources */,
				7D942FAB256014BC00C6A0DD /* Preview Assets.xcassets in Resources */,
				7D942FA8256014BC00C6A0DD /* Assets.xcassets in Resources */,
			);
			runOnlyForDeploymentPostprocessing = 0;
		};
		7D942FB2256014BD00C6A0DD /* Resources */ = {
			isa = PBXResourcesBuildPhase;
			buildActionMask = 2147483647;
			files = (
			);
			runOnlyForDeploymentPostprocessing = 0;
		};
		7D942FBD256014BD00C6A0DD /* Resources */ = {
			isa = PBXResourcesBuildPhase;
			buildActionMask = 2147483647;
			files = (
			);
			runOnlyForDeploymentPostprocessing = 0;
		};
/* End PBXResourcesBuildPhase section */

/* Begin PBXShellScriptBuildPhase section */
		1807F281FC5B418AE2869D5F /* [CP] Check Pods Manifest.lock */ = {
			isa = PBXShellScriptBuildPhase;
			buildActionMask = 2147483647;
			files = (
			);
			inputFileListPaths = (
			);
			inputPaths = (
				"${PODS_PODFILE_DIR_PATH}/Podfile.lock",
				"${PODS_ROOT}/Manifest.lock",
			);
			name = "[CP] Check Pods Manifest.lock";
			outputFileListPaths = (
			);
			outputPaths = (
				"$(DERIVED_FILE_DIR)/Pods-SwiftUI_TemplateUITests-checkManifestLockResult.txt",
			);
			runOnlyForDeploymentPostprocessing = 0;
			shellPath = /bin/sh;
			shellScript = "diff \"${PODS_PODFILE_DIR_PATH}/Podfile.lock\" \"${PODS_ROOT}/Manifest.lock\" > /dev/null\nif [ $? != 0 ] ; then\n    # print error to STDERR\n    echo \"error: The sandbox is not in sync with the Podfile.lock. Run 'pod install' or update your CocoaPods installation.\" >&2\n    exit 1\nfi\n# This output is used by Xcode 'outputs' to avoid re-running this script phase.\necho \"SUCCESS\" > \"${SCRIPT_OUTPUT_FILE_0}\"\n";
			showEnvVarsInLog = 0;
		};
		51127EEBFD071B0C415CDFBB /* [CP] Check Pods Manifest.lock */ = {
			isa = PBXShellScriptBuildPhase;
			buildActionMask = 2147483647;
			files = (
			);
			inputFileListPaths = (
			);
			inputPaths = (
				"${PODS_PODFILE_DIR_PATH}/Podfile.lock",
				"${PODS_ROOT}/Manifest.lock",
			);
			name = "[CP] Check Pods Manifest.lock";
			outputFileListPaths = (
			);
			outputPaths = (
				"$(DERIVED_FILE_DIR)/Pods-SwiftUI_TemplateTests-checkManifestLockResult.txt",
			);
			runOnlyForDeploymentPostprocessing = 0;
			shellPath = /bin/sh;
			shellScript = "diff \"${PODS_PODFILE_DIR_PATH}/Podfile.lock\" \"${PODS_ROOT}/Manifest.lock\" > /dev/null\nif [ $? != 0 ] ; then\n    # print error to STDERR\n    echo \"error: The sandbox is not in sync with the Podfile.lock. Run 'pod install' or update your CocoaPods installation.\" >&2\n    exit 1\nfi\n# This output is used by Xcode 'outputs' to avoid re-running this script phase.\necho \"SUCCESS\" > \"${SCRIPT_OUTPUT_FILE_0}\"\n";
			showEnvVarsInLog = 0;
		};
		C01B16C2D355AE067F9EE534 /* [CP] Embed Pods Frameworks */ = {
			isa = PBXShellScriptBuildPhase;
			buildActionMask = 2147483647;
			files = (
			);
			inputFileListPaths = (
				"${PODS_ROOT}/Target Support Files/Pods-SwiftUI_Template/Pods-SwiftUI_Template-frameworks-${CONFIGURATION}-input-files.xcfilelist",
			);
			name = "[CP] Embed Pods Frameworks";
			outputFileListPaths = (
				"${PODS_ROOT}/Target Support Files/Pods-SwiftUI_Template/Pods-SwiftUI_Template-frameworks-${CONFIGURATION}-output-files.xcfilelist",
			);
			runOnlyForDeploymentPostprocessing = 0;
			shellPath = /bin/sh;
			shellScript = "\"${PODS_ROOT}/Target Support Files/Pods-SwiftUI_Template/Pods-SwiftUI_Template-frameworks.sh\"\n";
			showEnvVarsInLog = 0;
		};
		DE75AF71197FE7D8CA13F0B1 /* [CP] Copy Pods Resources */ = {
			isa = PBXShellScriptBuildPhase;
			buildActionMask = 2147483647;
			files = (
			);
			inputFileListPaths = (
				"${PODS_ROOT}/Target Support Files/Pods-SwiftUI_Template/Pods-SwiftUI_Template-resources-${CONFIGURATION}-input-files.xcfilelist",
			);
			name = "[CP] Copy Pods Resources";
			outputFileListPaths = (
				"${PODS_ROOT}/Target Support Files/Pods-SwiftUI_Template/Pods-SwiftUI_Template-resources-${CONFIGURATION}-output-files.xcfilelist",
			);
			runOnlyForDeploymentPostprocessing = 0;
			shellPath = /bin/sh;
			shellScript = "\"${PODS_ROOT}/Target Support Files/Pods-SwiftUI_Template/Pods-SwiftUI_Template-resources.sh\"\n";
			showEnvVarsInLog = 0;
		};
		F704865A6A956DE2B0FA949B /* [CP] Check Pods Manifest.lock */ = {
			isa = PBXShellScriptBuildPhase;
			buildActionMask = 2147483647;
			files = (
			);
			inputFileListPaths = (
			);
			inputPaths = (
				"${PODS_PODFILE_DIR_PATH}/Podfile.lock",
				"${PODS_ROOT}/Manifest.lock",
			);
			name = "[CP] Check Pods Manifest.lock";
			outputFileListPaths = (
			);
			outputPaths = (
				"$(DERIVED_FILE_DIR)/Pods-SwiftUI_Template-checkManifestLockResult.txt",
			);
			runOnlyForDeploymentPostprocessing = 0;
			shellPath = /bin/sh;
			shellScript = "diff \"${PODS_PODFILE_DIR_PATH}/Podfile.lock\" \"${PODS_ROOT}/Manifest.lock\" > /dev/null\nif [ $? != 0 ] ; then\n    # print error to STDERR\n    echo \"error: The sandbox is not in sync with the Podfile.lock. Run 'pod install' or update your CocoaPods installation.\" >&2\n    exit 1\nfi\n# This output is used by Xcode 'outputs' to avoid re-running this script phase.\necho \"SUCCESS\" > \"${SCRIPT_OUTPUT_FILE_0}\"\n";
			showEnvVarsInLog = 0;
		};
/* End PBXShellScriptBuildPhase section */

/* Begin PBXSourcesBuildPhase section */
		7D942F9A256014BB00C6A0DD /* Sources */ = {
			isa = PBXSourcesBuildPhase;
			buildActionMask = 2147483647;
			files = (
				7D2C4307256B1F4F0030F71F /* PreLaunchView.swift in Sources */,
				7D54533C2571700E004468CD /* ViewLifecycles.swift in Sources */,
				7D312AFE256B0AF10034177B /* EmailAuth.swift in Sources */,
				7D2C4310256BC1750030F71F /* FBAuthError.swift in Sources */,
				7DF17AE2256198120090CDE8 /* MultiView.swift in Sources */,
				7D942FA2256014BB00C6A0DD /* AppDelegate.swift in Sources */,
				7D36A2D42560419200E622F4 /* OtherView.swift in Sources */,
				7D942FDD2560172400C6A0DD /* Tabbar.swift in Sources */,
				7D942FA4256014BB00C6A0DD /* SceneDelegate.swift in Sources */,
				7D36A2CF2560347400E622F4 /* UserDefaults.swift in Sources */,
				7D312ADF256AB2A20034177B /* AuthView.swift in Sources */,
				7D312AA3256957F60034177B /* FBStorageError.swift in Sources */,
				7DCD49E625650DD300AC64DE /* FBFirestoreError.swift in Sources */,
				7DF17AB5256159C80090CDE8 /* fakeView1.swift in Sources */,
				7DF17ADD256196510090CDE8 /* FakeModal.swift in Sources */,
				7D942FE2256018E300C6A0DD /* HomeView.swift in Sources */,
				7DCD49E125650A2C00AC64DE /* FBFirestoreManager.swift in Sources */,
				7D312AA825695E4C0034177B /* ImageSelection.swift in Sources */,
				7D942FD52560155600C6A0DD /* SessionObject.swift in Sources */,
				7DCD4A042565382E00AC64DE /* FBDemoModel.swift in Sources */,
				7D312AAE25696DB80034177B /* FileManager.swift in Sources */,
				7D312A97256943360034177B /* FBStorageManager.swift in Sources */,
				7D942FA6256014BB00C6A0DD /* AppEntry.swift in Sources */,
			);
			runOnlyForDeploymentPostprocessing = 0;
		};
		7D942FB0256014BD00C6A0DD /* Sources */ = {
			isa = PBXSourcesBuildPhase;
			buildActionMask = 2147483647;
			files = (
				7D942FB9256014BD00C6A0DD /* SwiftUI_TemplateTests.swift in Sources */,
			);
			runOnlyForDeploymentPostprocessing = 0;
		};
		7D942FBB256014BD00C6A0DD /* Sources */ = {
			isa = PBXSourcesBuildPhase;
			buildActionMask = 2147483647;
			files = (
				7D942FC4256014BD00C6A0DD /* SwiftUI_TemplateUITests.swift in Sources */,
			);
			runOnlyForDeploymentPostprocessing = 0;
		};
/* End PBXSourcesBuildPhase section */

/* Begin PBXTargetDependency section */
		7D942FB6256014BD00C6A0DD /* PBXTargetDependency */ = {
			isa = PBXTargetDependency;
			target = 7D942F9D256014BB00C6A0DD /* SwiftUI_Template */;
			targetProxy = 7D942FB5256014BD00C6A0DD /* PBXContainerItemProxy */;
		};
		7D942FC1256014BD00C6A0DD /* PBXTargetDependency */ = {
			isa = PBXTargetDependency;
			target = 7D942F9D256014BB00C6A0DD /* SwiftUI_Template */;
			targetProxy = 7D942FC0256014BD00C6A0DD /* PBXContainerItemProxy */;
		};
/* End PBXTargetDependency section */

/* Begin XCBuildConfiguration section */
		7D942FC6256014BD00C6A0DD /* Debug */ = {
			isa = XCBuildConfiguration;
			buildSettings = {
				ALWAYS_SEARCH_USER_PATHS = NO;
				CLANG_ANALYZER_NONNULL = YES;
				CLANG_ANALYZER_NUMBER_OBJECT_CONVERSION = YES_AGGRESSIVE;
				CLANG_CXX_LANGUAGE_STANDARD = "gnu++14";
				CLANG_CXX_LIBRARY = "libc++";
				CLANG_ENABLE_MODULES = YES;
				CLANG_ENABLE_OBJC_ARC = YES;
				CLANG_ENABLE_OBJC_WEAK = YES;
				CLANG_WARN_BLOCK_CAPTURE_AUTORELEASING = YES;
				CLANG_WARN_BOOL_CONVERSION = YES;
				CLANG_WARN_COMMA = YES;
				CLANG_WARN_CONSTANT_CONVERSION = YES;
				CLANG_WARN_DEPRECATED_OBJC_IMPLEMENTATIONS = YES;
				CLANG_WARN_DIRECT_OBJC_ISA_USAGE = YES_ERROR;
				CLANG_WARN_DOCUMENTATION_COMMENTS = YES;
				CLANG_WARN_EMPTY_BODY = YES;
				CLANG_WARN_ENUM_CONVERSION = YES;
				CLANG_WARN_INFINITE_RECURSION = YES;
				CLANG_WARN_INT_CONVERSION = YES;
				CLANG_WARN_NON_LITERAL_NULL_CONVERSION = YES;
				CLANG_WARN_OBJC_IMPLICIT_RETAIN_SELF = YES;
				CLANG_WARN_OBJC_LITERAL_CONVERSION = YES;
				CLANG_WARN_OBJC_ROOT_CLASS = YES_ERROR;
				CLANG_WARN_QUOTED_INCLUDE_IN_FRAMEWORK_HEADER = YES;
				CLANG_WARN_RANGE_LOOP_ANALYSIS = YES;
				CLANG_WARN_STRICT_PROTOTYPES = YES;
				CLANG_WARN_SUSPICIOUS_MOVE = YES;
				CLANG_WARN_UNGUARDED_AVAILABILITY = YES_AGGRESSIVE;
				CLANG_WARN_UNREACHABLE_CODE = YES;
				CLANG_WARN__DUPLICATE_METHOD_MATCH = YES;
				COPY_PHASE_STRIP = NO;
				DEBUG_INFORMATION_FORMAT = dwarf;
				ENABLE_STRICT_OBJC_MSGSEND = YES;
				ENABLE_TESTABILITY = YES;
				GCC_C_LANGUAGE_STANDARD = gnu11;
				GCC_DYNAMIC_NO_PIC = NO;
				GCC_NO_COMMON_BLOCKS = YES;
				GCC_OPTIMIZATION_LEVEL = 0;
				GCC_PREPROCESSOR_DEFINITIONS = (
					"DEBUG=1",
					"$(inherited)",
				);
				GCC_WARN_64_TO_32_BIT_CONVERSION = YES;
				GCC_WARN_ABOUT_RETURN_TYPE = YES_ERROR;
				GCC_WARN_UNDECLARED_SELECTOR = YES;
				GCC_WARN_UNINITIALIZED_AUTOS = YES_AGGRESSIVE;
				GCC_WARN_UNUSED_FUNCTION = YES;
				GCC_WARN_UNUSED_VARIABLE = YES;
				IPHONEOS_DEPLOYMENT_TARGET = 14.1;
				MTL_ENABLE_DEBUG_INFO = INCLUDE_SOURCE;
				MTL_FAST_MATH = YES;
				ONLY_ACTIVE_ARCH = YES;
				SDKROOT = iphoneos;
				SWIFT_ACTIVE_COMPILATION_CONDITIONS = DEBUG;
				SWIFT_OPTIMIZATION_LEVEL = "-Onone";
			};
			name = Debug;
		};
		7D942FC7256014BD00C6A0DD /* Release */ = {
			isa = XCBuildConfiguration;
			buildSettings = {
				ALWAYS_SEARCH_USER_PATHS = NO;
				CLANG_ANALYZER_NONNULL = YES;
				CLANG_ANALYZER_NUMBER_OBJECT_CONVERSION = YES_AGGRESSIVE;
				CLANG_CXX_LANGUAGE_STANDARD = "gnu++14";
				CLANG_CXX_LIBRARY = "libc++";
				CLANG_ENABLE_MODULES = YES;
				CLANG_ENABLE_OBJC_ARC = YES;
				CLANG_ENABLE_OBJC_WEAK = YES;
				CLANG_WARN_BLOCK_CAPTURE_AUTORELEASING = YES;
				CLANG_WARN_BOOL_CONVERSION = YES;
				CLANG_WARN_COMMA = YES;
				CLANG_WARN_CONSTANT_CONVERSION = YES;
				CLANG_WARN_DEPRECATED_OBJC_IMPLEMENTATIONS = YES;
				CLANG_WARN_DIRECT_OBJC_ISA_USAGE = YES_ERROR;
				CLANG_WARN_DOCUMENTATION_COMMENTS = YES;
				CLANG_WARN_EMPTY_BODY = YES;
				CLANG_WARN_ENUM_CONVERSION = YES;
				CLANG_WARN_INFINITE_RECURSION = YES;
				CLANG_WARN_INT_CONVERSION = YES;
				CLANG_WARN_NON_LITERAL_NULL_CONVERSION = YES;
				CLANG_WARN_OBJC_IMPLICIT_RETAIN_SELF = YES;
				CLANG_WARN_OBJC_LITERAL_CONVERSION = YES;
				CLANG_WARN_OBJC_ROOT_CLASS = YES_ERROR;
				CLANG_WARN_QUOTED_INCLUDE_IN_FRAMEWORK_HEADER = YES;
				CLANG_WARN_RANGE_LOOP_ANALYSIS = YES;
				CLANG_WARN_STRICT_PROTOTYPES = YES;
				CLANG_WARN_SUSPICIOUS_MOVE = YES;
				CLANG_WARN_UNGUARDED_AVAILABILITY = YES_AGGRESSIVE;
				CLANG_WARN_UNREACHABLE_CODE = YES;
				CLANG_WARN__DUPLICATE_METHOD_MATCH = YES;
				COPY_PHASE_STRIP = NO;
				DEBUG_INFORMATION_FORMAT = "dwarf-with-dsym";
				ENABLE_NS_ASSERTIONS = NO;
				ENABLE_STRICT_OBJC_MSGSEND = YES;
				GCC_C_LANGUAGE_STANDARD = gnu11;
				GCC_NO_COMMON_BLOCKS = YES;
				GCC_WARN_64_TO_32_BIT_CONVERSION = YES;
				GCC_WARN_ABOUT_RETURN_TYPE = YES_ERROR;
				GCC_WARN_UNDECLARED_SELECTOR = YES;
				GCC_WARN_UNINITIALIZED_AUTOS = YES_AGGRESSIVE;
				GCC_WARN_UNUSED_FUNCTION = YES;
				GCC_WARN_UNUSED_VARIABLE = YES;
				IPHONEOS_DEPLOYMENT_TARGET = 14.1;
				MTL_ENABLE_DEBUG_INFO = NO;
				MTL_FAST_MATH = YES;
				SDKROOT = iphoneos;
				SWIFT_COMPILATION_MODE = wholemodule;
				SWIFT_OPTIMIZATION_LEVEL = "-O";
				VALIDATE_PRODUCT = YES;
			};
			name = Release;
		};
		7D942FC9256014BD00C6A0DD /* Debug */ = {
			isa = XCBuildConfiguration;
			baseConfigurationReference = 12F7DC395E5598ACC040C64B /* Pods-SwiftUI_Template.debug.xcconfig */;
			buildSettings = {
				ASSETCATALOG_COMPILER_APPICON_NAME = AppIcon;
				ASSETCATALOG_COMPILER_GLOBAL_ACCENT_COLOR_NAME = AccentColor;
				CODE_SIGN_STYLE = Automatic;
				DEVELOPMENT_ASSET_PATHS = "\"SwiftUI_Template/Preview Content\"";
				DEVELOPMENT_TEAM = 49G6J767SP;
				ENABLE_PREVIEWS = YES;
				INFOPLIST_FILE = SwiftUI_Template/Info.plist;
				IPHONEOS_DEPLOYMENT_TARGET = 14.0;
				LD_RUNPATH_SEARCH_PATHS = (
					"$(inherited)",
					"@executable_path/Frameworks",
				);
				PRODUCT_BUNDLE_IDENTIFIER = "io.github.grenos.SwiftUI-Template";
				PRODUCT_NAME = "$(TARGET_NAME)";
				SWIFT_VERSION = 5.0;
				TARGETED_DEVICE_FAMILY = 1;
			};
			name = Debug;
		};
		7D942FCA256014BD00C6A0DD /* Release */ = {
			isa = XCBuildConfiguration;
			baseConfigurationReference = 6A4DDE63E9A11BB386CE4DF1 /* Pods-SwiftUI_Template.release.xcconfig */;
			buildSettings = {
				ASSETCATALOG_COMPILER_APPICON_NAME = AppIcon;
				ASSETCATALOG_COMPILER_GLOBAL_ACCENT_COLOR_NAME = AccentColor;
				CODE_SIGN_STYLE = Automatic;
				DEVELOPMENT_ASSET_PATHS = "\"SwiftUI_Template/Preview Content\"";
				DEVELOPMENT_TEAM = 49G6J767SP;
				ENABLE_PREVIEWS = YES;
				INFOPLIST_FILE = SwiftUI_Template/Info.plist;
				IPHONEOS_DEPLOYMENT_TARGET = 14.0;
				LD_RUNPATH_SEARCH_PATHS = (
					"$(inherited)",
					"@executable_path/Frameworks",
				);
				PRODUCT_BUNDLE_IDENTIFIER = "io.github.grenos.SwiftUI-Template";
				PRODUCT_NAME = "$(TARGET_NAME)";
				SWIFT_VERSION = 5.0;
				TARGETED_DEVICE_FAMILY = 1;
			};
			name = Release;
		};
		7D942FCC256014BD00C6A0DD /* Debug */ = {
			isa = XCBuildConfiguration;
			baseConfigurationReference = 52D2D6BC76AE52AEAAA1F1DF /* Pods-SwiftUI_TemplateTests.debug.xcconfig */;
			buildSettings = {
				ALWAYS_EMBED_SWIFT_STANDARD_LIBRARIES = YES;
				BUNDLE_LOADER = "$(TEST_HOST)";
				CODE_SIGN_STYLE = Automatic;
				DEVELOPMENT_TEAM = 49G6J767SP;
				INFOPLIST_FILE = SwiftUI_TemplateTests/Info.plist;
				IPHONEOS_DEPLOYMENT_TARGET = 14.1;
				LD_RUNPATH_SEARCH_PATHS = (
					"$(inherited)",
					"@executable_path/Frameworks",
					"@loader_path/Frameworks",
				);
				PRODUCT_BUNDLE_IDENTIFIER = "io.github.grenos.SwiftUI-TemplateTests";
				PRODUCT_NAME = "$(TARGET_NAME)";
				SWIFT_VERSION = 5.0;
				TARGETED_DEVICE_FAMILY = "1,2";
				TEST_HOST = "$(BUILT_PRODUCTS_DIR)/SwiftUI_Template.app/SwiftUI_Template";
			};
			name = Debug;
		};
		7D942FCD256014BD00C6A0DD /* Release */ = {
			isa = XCBuildConfiguration;
			baseConfigurationReference = 5E6BF36DFFFE34ABA421CD33 /* Pods-SwiftUI_TemplateTests.release.xcconfig */;
			buildSettings = {
				ALWAYS_EMBED_SWIFT_STANDARD_LIBRARIES = YES;
				BUNDLE_LOADER = "$(TEST_HOST)";
				CODE_SIGN_STYLE = Automatic;
				DEVELOPMENT_TEAM = 49G6J767SP;
				INFOPLIST_FILE = SwiftUI_TemplateTests/Info.plist;
				IPHONEOS_DEPLOYMENT_TARGET = 14.1;
				LD_RUNPATH_SEARCH_PATHS = (
					"$(inherited)",
					"@executable_path/Frameworks",
					"@loader_path/Frameworks",
				);
				PRODUCT_BUNDLE_IDENTIFIER = "io.github.grenos.SwiftUI-TemplateTests";
				PRODUCT_NAME = "$(TARGET_NAME)";
				SWIFT_VERSION = 5.0;
				TARGETED_DEVICE_FAMILY = "1,2";
				TEST_HOST = "$(BUILT_PRODUCTS_DIR)/SwiftUI_Template.app/SwiftUI_Template";
			};
			name = Release;
		};
		7D942FCF256014BD00C6A0DD /* Debug */ = {
			isa = XCBuildConfiguration;
			baseConfigurationReference = E93CE76B64F25BE0E1063A1D /* Pods-SwiftUI_TemplateUITests.debug.xcconfig */;
			buildSettings = {
				ALWAYS_EMBED_SWIFT_STANDARD_LIBRARIES = YES;
				CODE_SIGN_STYLE = Automatic;
				DEVELOPMENT_TEAM = 49G6J767SP;
				INFOPLIST_FILE = SwiftUI_TemplateUITests/Info.plist;
				LD_RUNPATH_SEARCH_PATHS = (
					"$(inherited)",
					"@executable_path/Frameworks",
					"@loader_path/Frameworks",
				);
				PRODUCT_BUNDLE_IDENTIFIER = "io.github.grenos.SwiftUI-TemplateUITests";
				PRODUCT_NAME = "$(TARGET_NAME)";
				SWIFT_VERSION = 5.0;
				TARGETED_DEVICE_FAMILY = "1,2";
				TEST_TARGET_NAME = SwiftUI_Template;
			};
			name = Debug;
		};
		7D942FD0256014BD00C6A0DD /* Release */ = {
			isa = XCBuildConfiguration;
			baseConfigurationReference = 0121CA24B942F763D40A486C /* Pods-SwiftUI_TemplateUITests.release.xcconfig */;
			buildSettings = {
				ALWAYS_EMBED_SWIFT_STANDARD_LIBRARIES = YES;
				CODE_SIGN_STYLE = Automatic;
				DEVELOPMENT_TEAM = 49G6J767SP;
				INFOPLIST_FILE = SwiftUI_TemplateUITests/Info.plist;
				LD_RUNPATH_SEARCH_PATHS = (
					"$(inherited)",
					"@executable_path/Frameworks",
					"@loader_path/Frameworks",
				);
				PRODUCT_BUNDLE_IDENTIFIER = "io.github.grenos.SwiftUI-TemplateUITests";
				PRODUCT_NAME = "$(TARGET_NAME)";
				SWIFT_VERSION = 5.0;
				TARGETED_DEVICE_FAMILY = "1,2";
				TEST_TARGET_NAME = SwiftUI_Template;
			};
			name = Release;
		};
/* End XCBuildConfiguration section */

/* Begin XCConfigurationList section */
		7D942F99256014BB00C6A0DD /* Build configuration list for PBXProject "SwiftUI_Template" */ = {
			isa = XCConfigurationList;
			buildConfigurations = (
				7D942FC6256014BD00C6A0DD /* Debug */,
				7D942FC7256014BD00C6A0DD /* Release */,
			);
			defaultConfigurationIsVisible = 0;
			defaultConfigurationName = Release;
		};
		7D942FC8256014BD00C6A0DD /* Build configuration list for PBXNativeTarget "SwiftUI_Template" */ = {
			isa = XCConfigurationList;
			buildConfigurations = (
				7D942FC9256014BD00C6A0DD /* Debug */,
				7D942FCA256014BD00C6A0DD /* Release */,
			);
			defaultConfigurationIsVisible = 0;
			defaultConfigurationName = Release;
		};
		7D942FCB256014BD00C6A0DD /* Build configuration list for PBXNativeTarget "SwiftUI_TemplateTests" */ = {
			isa = XCConfigurationList;
			buildConfigurations = (
				7D942FCC256014BD00C6A0DD /* Debug */,
				7D942FCD256014BD00C6A0DD /* Release */,
			);
			defaultConfigurationIsVisible = 0;
			defaultConfigurationName = Release;
		};
		7D942FCE256014BD00C6A0DD /* Build configuration list for PBXNativeTarget "SwiftUI_TemplateUITests" */ = {
			isa = XCConfigurationList;
			buildConfigurations = (
				7D942FCF256014BD00C6A0DD /* Debug */,
				7D942FD0256014BD00C6A0DD /* Release */,
			);
			defaultConfigurationIsVisible = 0;
			defaultConfigurationName = Release;
		};
/* End XCConfigurationList section */
	};
	rootObject = 7D942F96256014BB00C6A0DD /* Project object */;
}
